
Microsoft Visual Studio Solution File, Format Version 12.00
# Visual Studio 15
VisualStudioVersion = 15.0.28307.572
MinimumVisualStudioVersion = 10.0.40219.1
Project("{FAE04EC0-301F-11D3-BF4B-00C04F79EFBC}") = "Bet365LiveAgent", "Bet365LiveAgent\Bet365LiveAgent.csproj", "{D72E6B77-B473-4403-A9C9-6A64C584BF89}"
EndProject
Global
	GlobalSection(SolutionConfigurationPlatforms) = preSolution
		Debug|Any CPU = Debug|Any CPU
		Release|Any CPU = Release|Any CPU
	EndGlobalSection
	GlobalSection(ProjectConfigurationPlatforms) = postSolution
		{D72E6B77-B473-4403-A9C9-6A64C584BF89}.Debug|Any CPU.ActiveCfg = Debug|Any CPU
		{D72E6B77-B473-4403-A9C9-6A64C584BF89}.Debug|Any CPU.Build.0 = Debug|Any CPU
		{D72E6B77-B473-4403-A9C9-6A64C584BF89}.Release|Any CPU.ActiveCfg = Release|Any CPU
		{D72E6B77-B473-4403-A9C9-6A64C584BF89}.Release|Any CPU.Build.0 = Release|Any CPU
	EndGlobalSection
	GlobalSection(SolutionProperties) = preSolution
		HideSolutionNode = FALSE
	EndGlobalSection
	GlobalSection(ExtensibilityGlobals) = postSolution
		SolutionGuid = {5DEBA5B9-D726-40DF-B426-7D60BB7D6904}
	EndGlobalSection
EndGlobal
